
Microsoft Visual Studio Solution File, Format Version 12.00
# Visual Studio Express 2013 for Web
VisualStudioVersion = 12.0.30110.0
MinimumVisualStudioVersion = 10.0.40219.1
Project("{2150E333-8FDC-42A3-9474-1A3956D46DE8}") = "01. Core", "01. Core", "{9DC221D1-1925-4C64-BD43-E7D7C53AD17C}"
EndProject
Project("{2150E333-8FDC-42A3-9474-1A3956D46DE8}") = "03. Tests", "03. Tests", "{87526A5B-882D-4BDE-A692-DCA7FD059F3A}"
EndProject
Project("{2150E333-8FDC-42A3-9474-1A3956D46DE8}") = "02. UI", "02. UI", "{1B97C730-9B7A-43F4-BD0C-454D967D1C2B}"
EndProject
Project("{2150E333-8FDC-42A3-9474-1A3956D46DE8}") = ".nuget", ".nuget", "{FFB634FF-98ED-44CF-AC8B-662FEC3F274D}"
	ProjectSection(SolutionItems) = preProject
		.nuget\NuGet.Config = .nuget\NuGet.Config
		.nuget\NuGet.exe = .nuget\NuGet.exe
		.nuget\NuGet.targets = .nuget\NuGet.targets
		.nuget\packages.config = .nuget\packages.config
	EndProjectSection
EndProject
Project("{FAE04EC0-301F-11D3-BF4B-00C04F79EFBC}") = "Simon.Domain", "Simon.Domain\Simon.Domain.csproj", "{5164B079-218B-4798-840B-7DA290C1905C}"
EndProject
Project("{FAE04EC0-301F-11D3-BF4B-00C04F79EFBC}") = "Simon.Process", "Simon.Process\Simon.Process.csproj", "{47BF9102-5468-4889-9181-050249241419}"
EndProject
Project("{FAE04EC0-301F-11D3-BF4B-00C04F79EFBC}") = "Simon.UI.Web", "Simon.UI.Web\Simon.UI.Web.csproj", "{F88D371A-73AB-443C-AC9B-170D4009146B}"
EndProject
Project("{FAE04EC0-301F-11D3-BF4B-00C04F79EFBC}") = "Simon.UI.Web.Tests", "Simon.UI.Web.Tests\Simon.UI.Web.Tests.csproj", "{0D49A897-1D4A-4FD9-98C3-F9032F0EED69}"
EndProject
Project("{FAE04EC0-301F-11D3-BF4B-00C04F79EFBC}") = "Simon.Repository", "Simon.Repository\Simon.Repository.csproj", "{82FFCA7F-F04C-41BE-98EB-66B850DE75AA}"
EndProject
Project("{FAE04EC0-301F-11D3-BF4B-00C04F79EFBC}") = "Simon.Utilities", "Simon.Utilities\Simon.Utilities.csproj", "{99228775-3509-4320-859E-1756496A298D}"
EndProject
Project("{FAE04EC0-301F-11D3-BF4B-00C04F79EFBC}") = "Simon.Utilities.Tests", "Simon.Utilities.Tests\Simon.Utilities.Tests.csproj", "{30DE4FF9-6F63-48DC-838E-7495A2B4027C}"
EndProject
Global
	GlobalSection(SolutionConfigurationPlatforms) = preSolution
		Debug|Any CPU = Debug|Any CPU
		Release|Any CPU = Release|Any CPU
	EndGlobalSection
	GlobalSection(ProjectConfigurationPlatforms) = postSolution
		{5164B079-218B-4798-840B-7DA290C1905C}.Debug|Any CPU.ActiveCfg = Debug|Any CPU
		{5164B079-218B-4798-840B-7DA290C1905C}.Debug|Any CPU.Build.0 = Debug|Any CPU
		{5164B079-218B-4798-840B-7DA290C1905C}.Release|Any CPU.ActiveCfg = Release|Any CPU
		{5164B079-218B-4798-840B-7DA290C1905C}.Release|Any CPU.Build.0 = Release|Any CPU
		{47BF9102-5468-4889-9181-050249241419}.Debug|Any CPU.ActiveCfg = Debug|Any CPU
		{47BF9102-5468-4889-9181-050249241419}.Debug|Any CPU.Build.0 = Debug|Any CPU
		{47BF9102-5468-4889-9181-050249241419}.Release|Any CPU.ActiveCfg = Release|Any CPU
		{47BF9102-5468-4889-9181-050249241419}.Release|Any CPU.Build.0 = Release|Any CPU
		{F88D371A-73AB-443C-AC9B-170D4009146B}.Debug|Any CPU.ActiveCfg = Debug|Any CPU
		{F88D371A-73AB-443C-AC9B-170D4009146B}.Debug|Any CPU.Build.0 = Debug|Any CPU
		{F88D371A-73AB-443C-AC9B-170D4009146B}.Release|Any CPU.ActiveCfg = Release|Any CPU
		{F88D371A-73AB-443C-AC9B-170D4009146B}.Release|Any CPU.Build.0 = Release|Any CPU
		{0D49A897-1D4A-4FD9-98C3-F9032F0EED69}.Debug|Any CPU.ActiveCfg = Debug|Any CPU
		{0D49A897-1D4A-4FD9-98C3-F9032F0EED69}.Debug|Any CPU.Build.0 = Debug|Any CPU
		{0D49A897-1D4A-4FD9-98C3-F9032F0EED69}.Release|Any CPU.ActiveCfg = Release|Any CPU
		{0D49A897-1D4A-4FD9-98C3-F9032F0EED69}.Release|Any CPU.Build.0 = Release|Any CPU
		{82FFCA7F-F04C-41BE-98EB-66B850DE75AA}.Debug|Any CPU.ActiveCfg = Debug|Any CPU
		{82FFCA7F-F04C-41BE-98EB-66B850DE75AA}.Debug|Any CPU.Build.0 = Debug|Any CPU
		{82FFCA7F-F04C-41BE-98EB-66B850DE75AA}.Release|Any CPU.ActiveCfg = Release|Any CPU
		{82FFCA7F-F04C-41BE-98EB-66B850DE75AA}.Release|Any CPU.Build.0 = Release|Any CPU
		{99228775-3509-4320-859E-1756496A298D}.Debug|Any CPU.ActiveCfg = Debug|Any CPU
		{99228775-3509-4320-859E-1756496A298D}.Debug|Any CPU.Build.0 = Debug|Any CPU
		{99228775-3509-4320-859E-1756496A298D}.Release|Any CPU.ActiveCfg = Release|Any CPU
		{99228775-3509-4320-859E-1756496A298D}.Release|Any CPU.Build.0 = Release|Any CPU
		{30DE4FF9-6F63-48DC-838E-7495A2B4027C}.Debug|Any CPU.ActiveCfg = Debug|Any CPU
		{30DE4FF9-6F63-48DC-838E-7495A2B4027C}.Debug|Any CPU.Build.0 = Debug|Any CPU
		{30DE4FF9-6F63-48DC-838E-7495A2B4027C}.Release|Any CPU.ActiveCfg = Release|Any CPU
		{30DE4FF9-6F63-48DC-838E-7495A2B4027C}.Release|Any CPU.Build.0 = Release|Any CPU
	EndGlobalSection
	GlobalSection(SolutionProperties) = preSolution
		HideSolutionNode = FALSE
	EndGlobalSection
	GlobalSection(NestedProjects) = preSolution
		{5164B079-218B-4798-840B-7DA290C1905C} = {9DC221D1-1925-4C64-BD43-E7D7C53AD17C}
		{47BF9102-5468-4889-9181-050249241419} = {9DC221D1-1925-4C64-BD43-E7D7C53AD17C}
		{82FFCA7F-F04C-41BE-98EB-66B850DE75AA} = {9DC221D1-1925-4C64-BD43-E7D7C53AD17C}
		{99228775-3509-4320-859E-1756496A298D} = {9DC221D1-1925-4C64-BD43-E7D7C53AD17C}
		{0D49A897-1D4A-4FD9-98C3-F9032F0EED69} = {87526A5B-882D-4BDE-A692-DCA7FD059F3A}
		{30DE4FF9-6F63-48DC-838E-7495A2B4027C} = {87526A5B-882D-4BDE-A692-DCA7FD059F3A}
		{F88D371A-73AB-443C-AC9B-170D4009146B} = {1B97C730-9B7A-43F4-BD0C-454D967D1C2B}
	EndGlobalSection
EndGlobal
